// !$*UTF8*$!
{
	archiveVersion = 1;
	classes = {
	};
	objectVersion = 56;
	objects = {

/* Begin PBXBuildFile section */
		3B040DDD298E9978002556B1 /* AppDelegate.swift in Sources */ = {isa = PBXBuildFile; fileRef = 3B040DDC298E9978002556B1 /* AppDelegate.swift */; };
		3B040DDF298E9978002556B1 /* SceneDelegate.swift in Sources */ = {isa = PBXBuildFile; fileRef = 3B040DDE298E9978002556B1 /* SceneDelegate.swift */; };
		3B040DE1298E9978002556B1 /* ViewController.swift in Sources */ = {isa = PBXBuildFile; fileRef = 3B040DE0298E9978002556B1 /* ViewController.swift */; };
		3B040DE4298E9978002556B1 /* Main.storyboard in Resources */ = {isa = PBXBuildFile; fileRef = 3B040DE2298E9978002556B1 /* Main.storyboard */; };
		3B040DE6298E997A002556B1 /* Assets.xcassets in Resources */ = {isa = PBXBuildFile; fileRef = 3B040DE5298E997A002556B1 /* Assets.xcassets */; };
		3B040DE9298E997A002556B1 /* LaunchScreen.storyboard in Resources */ = {isa = PBXBuildFile; fileRef = 3B040DE7298E997A002556B1 /* LaunchScreen.storyboard */; };
		3B040DF4298E997A002556B1 /* ScreenLoggerTests.swift in Sources */ = {isa = PBXBuildFile; fileRef = 3B040DF3298E997A002556B1 /* ScreenLoggerTests.swift */; };
		3B040DFE298E997A002556B1 /* ScreenLoggerUITests.swift in Sources */ = {isa = PBXBuildFile; fileRef = 3B040DFD298E997A002556B1 /* ScreenLoggerUITests.swift */; };
		3B040E00298E997A002556B1 /* ScreenLoggerUITestsLaunchTests.swift in Sources */ = {isa = PBXBuildFile; fileRef = 3B040DFF298E997A002556B1 /* ScreenLoggerUITestsLaunchTests.swift */; };
		3B040E0D298EA09D002556B1 /* Logger.swift in Sources */ = {isa = PBXBuildFile; fileRef = 3B040E0C298EA09D002556B1 /* Logger.swift */; };
		3B94CF0929B0D5A40047CA2D /* LogsTableViewCell.swift in Sources */ = {isa = PBXBuildFile; fileRef = 3B94CF0829B0D5A40047CA2D /* LogsTableViewCell.swift */; };
		3B94CF0B29B0D5C30047CA2D /* LogModel.swift in Sources */ = {isa = PBXBuildFile; fileRef = 3B94CF0A29B0D5C30047CA2D /* LogModel.swift */; };
		3B94CF0D29B0E5080047CA2D /* ReadMe.rtf in Resources */ = {isa = PBXBuildFile; fileRef = 3B94CF0C29B0E5080047CA2D /* ReadMe.rtf */; };
/* End PBXBuildFile section */

/* Begin PBXContainerItemProxy section */
		3B040DF0298E997A002556B1 /* PBXContainerItemProxy */ = {
			isa = PBXContainerItemProxy;
			containerPortal = 3B040DD1298E9978002556B1 /* Project object */;
			proxyType = 1;
			remoteGlobalIDString = 3B040DD8298E9978002556B1;
			remoteInfo = ScreenLogger;
		};
		3B040DFA298E997A002556B1 /* PBXContainerItemProxy */ = {
			isa = PBXContainerItemProxy;
			containerPortal = 3B040DD1298E9978002556B1 /* Project object */;
			proxyType = 1;
			remoteGlobalIDString = 3B040DD8298E9978002556B1;
			remoteInfo = ScreenLogger;
		};
/* End PBXContainerItemProxy section */

/* Begin PBXFileReference section */
		3B040DD9298E9978002556B1 /* ScreenLogger.app */ = {isa = PBXFileReference; explicitFileType = wrapper.application; includeInIndex = 0; path = ScreenLogger.app; sourceTree = BUILT_PRODUCTS_DIR; };
		3B040DDC298E9978002556B1 /* AppDelegate.swift */ = {isa = PBXFileReference; lastKnownFileType = sourcecode.swift; path = AppDelegate.swift; sourceTree = "<group>"; };
		3B040DDE298E9978002556B1 /* SceneDelegate.swift */ = {isa = PBXFileReference; lastKnownFileType = sourcecode.swift; path = SceneDelegate.swift; sourceTree = "<group>"; };
		3B040DE0298E9978002556B1 /* ViewController.swift */ = {isa = PBXFileReference; lastKnownFileType = sourcecode.swift; path = ViewController.swift; sourceTree = "<group>"; };
		3B040DE3298E9978002556B1 /* Base */ = {isa = PBXFileReference; lastKnownFileType = file.storyboard; name = Base; path = Base.lproj/Main.storyboard; sourceTree = "<group>"; };
		3B040DE5298E997A002556B1 /* Assets.xcassets */ = {isa = PBXFileReference; lastKnownFileType = folder.assetcatalog; path = Assets.xcassets; sourceTree = "<group>"; };
		3B040DE8298E997A002556B1 /* Base */ = {isa = PBXFileReference; lastKnownFileType = file.storyboard; name = Base; path = Base.lproj/LaunchScreen.storyboard; sourceTree = "<group>"; };
		3B040DEA298E997A002556B1 /* Info.plist */ = {isa = PBXFileReference; lastKnownFileType = text.plist.xml; path = Info.plist; sourceTree = "<group>"; };
		3B040DEF298E997A002556B1 /* ScreenLoggerTests.xctest */ = {isa = PBXFileReference; explicitFileType = wrapper.cfbundle; includeInIndex = 0; path = ScreenLoggerTests.xctest; sourceTree = BUILT_PRODUCTS_DIR; };
		3B040DF3298E997A002556B1 /* ScreenLoggerTests.swift */ = {isa = PBXFileReference; lastKnownFileType = sourcecode.swift; path = ScreenLoggerTests.swift; sourceTree = "<group>"; };
		3B040DF9298E997A002556B1 /* ScreenLoggerUITests.xctest */ = {isa = PBXFileReference; explicitFileType = wrapper.cfbundle; includeInIndex = 0; path = ScreenLoggerUITests.xctest; sourceTree = BUILT_PRODUCTS_DIR; };
		3B040DFD298E997A002556B1 /* ScreenLoggerUITests.swift */ = {isa = PBXFileReference; lastKnownFileType = sourcecode.swift; path = ScreenLoggerUITests.swift; sourceTree = "<group>"; };
		3B040DFF298E997A002556B1 /* ScreenLoggerUITestsLaunchTests.swift */ = {isa = PBXFileReference; lastKnownFileType = sourcecode.swift; path = ScreenLoggerUITestsLaunchTests.swift; sourceTree = "<group>"; };
		3B040E0C298EA09D002556B1 /* Logger.swift */ = {isa = PBXFileReference; lastKnownFileType = sourcecode.swift; path = Logger.swift; sourceTree = "<group>"; };
		3B94CF0829B0D5A40047CA2D /* LogsTableViewCell.swift */ = {isa = PBXFileReference; lastKnownFileType = sourcecode.swift; path = LogsTableViewCell.swift; sourceTree = "<group>"; };
		3B94CF0A29B0D5C30047CA2D /* LogModel.swift */ = {isa = PBXFileReference; lastKnownFileType = sourcecode.swift; path = LogModel.swift; sourceTree = "<group>"; };
		3B94CF0C29B0E5080047CA2D /* ReadMe.rtf */ = {isa = PBXFileReference; lastKnownFileType = text.rtf; path = ReadMe.rtf; sourceTree = "<group>"; };
/* End PBXFileReference section */

/* Begin PBXFrameworksBuildPhase section */
		3B040DD6298E9978002556B1 /* Frameworks */ = {
			isa = PBXFrameworksBuildPhase;
			buildActionMask = 2147483647;
			files = (
			);
			runOnlyForDeploymentPostprocessing = 0;
		};
		3B040DEC298E997A002556B1 /* Frameworks */ = {
			isa = PBXFrameworksBuildPhase;
			buildActionMask = 2147483647;
			files = (
			);
			runOnlyForDeploymentPostprocessing = 0;
		};
		3B040DF6298E997A002556B1 /* Frameworks */ = {
			isa = PBXFrameworksBuildPhase;
			buildActionMask = 2147483647;
			files = (
			);
			runOnlyForDeploymentPostprocessing = 0;
		};
/* End PBXFrameworksBuildPhase section */

/* Begin PBXGroup section */
		3B040DD0298E9978002556B1 = {
			isa = PBXGroup;
			children = (
				3B040DDB298E9978002556B1 /* ScreenLogger */,
				3B040DF2298E997A002556B1 /* ScreenLoggerTests */,
				3B040DFC298E997A002556B1 /* ScreenLoggerUITests */,
				3B040DDA298E9978002556B1 /* Products */,
			);
			sourceTree = "<group>";
		};
		3B040DDA298E9978002556B1 /* Products */ = {
			isa = PBXGroup;
			children = (
				3B040DD9298E9978002556B1 /* ScreenLogger.app */,
				3B040DEF298E997A002556B1 /* ScreenLoggerTests.xctest */,
				3B040DF9298E997A002556B1 /* ScreenLoggerUITests.xctest */,
			);
			name = Products;
			sourceTree = "<group>";
		};
		3B040DDB298E9978002556B1 /* ScreenLogger */ = {
			isa = PBXGroup;
			children = (
				3B94CF0C29B0E5080047CA2D /* ReadMe.rtf */,
				3B040DDC298E9978002556B1 /* AppDelegate.swift */,
				3B040DDE298E9978002556B1 /* SceneDelegate.swift */,
				3B040DE0298E9978002556B1 /* ViewController.swift */,
				3B94CF0829B0D5A40047CA2D /* LogsTableViewCell.swift */,
				3B94CF0A29B0D5C30047CA2D /* LogModel.swift */,
				3B040DE2298E9978002556B1 /* Main.storyboard */,
				3B040DE5298E997A002556B1 /* Assets.xcassets */,
				3B040DE7298E997A002556B1 /* LaunchScreen.storyboard */,
				3B040DEA298E997A002556B1 /* Info.plist */,
				3B040E0C298EA09D002556B1 /* Logger.swift */,
			);
			path = ScreenLogger;
			sourceTree = "<group>";
		};
		3B040DF2298E997A002556B1 /* ScreenLoggerTests */ = {
			isa = PBXGroup;
			children = (
				3B040DF3298E997A002556B1 /* ScreenLoggerTests.swift */,
			);
			path = ScreenLoggerTests;
			sourceTree = "<group>";
		};
		3B040DFC298E997A002556B1 /* ScreenLoggerUITests */ = {
			isa = PBXGroup;
			children = (
				3B040DFD298E997A002556B1 /* ScreenLoggerUITests.swift */,
				3B040DFF298E997A002556B1 /* ScreenLoggerUITestsLaunchTests.swift */,
			);
			path = ScreenLoggerUITests;
			sourceTree = "<group>";
		};
/* End PBXGroup section */

/* Begin PBXNativeTarget section */
		3B040DD8298E9978002556B1 /* ScreenLogger */ = {
			isa = PBXNativeTarget;
			buildConfigurationList = 3B040E03298E997A002556B1 /* Build configuration list for PBXNativeTarget "ScreenLogger" */;
			buildPhases = (
				3B040DD5298E9978002556B1 /* Sources */,
				3B040DD6298E9978002556B1 /* Frameworks */,
				3B040DD7298E9978002556B1 /* Resources */,
			);
			buildRules = (
			);
			dependencies = (
			);
			name = ScreenLogger;
			productName = ScreenLogger;
			productReference = 3B040DD9298E9978002556B1 /* ScreenLogger.app */;
			productType = "com.apple.product-type.application";
		};
		3B040DEE298E997A002556B1 /* ScreenLoggerTests */ = {
			isa = PBXNativeTarget;
			buildConfigurationList = 3B040E06298E997A002556B1 /* Build configuration list for PBXNativeTarget "ScreenLoggerTests" */;
			buildPhases = (
				3B040DEB298E997A002556B1 /* Sources */,
				3B040DEC298E997A002556B1 /* Frameworks */,
				3B040DED298E997A002556B1 /* Resources */,
			);
			buildRules = (
			);
			dependencies = (
				3B040DF1298E997A002556B1 /* PBXTargetDependency */,
			);
			name = ScreenLoggerTests;
			productName = ScreenLoggerTests;
			productReference = 3B040DEF298E997A002556B1 /* ScreenLoggerTests.xctest */;
			productType = "com.apple.product-type.bundle.unit-test";
		};
		3B040DF8298E997A002556B1 /* ScreenLoggerUITests */ = {
			isa = PBXNativeTarget;
			buildConfigurationList = 3B040E09298E997A002556B1 /* Build configuration list for PBXNativeTarget "ScreenLoggerUITests" */;
			buildPhases = (
				3B040DF5298E997A002556B1 /* Sources */,
				3B040DF6298E997A002556B1 /* Frameworks */,
				3B040DF7298E997A002556B1 /* Resources */,
			);
			buildRules = (
			);
			dependencies = (
				3B040DFB298E997A002556B1 /* PBXTargetDependency */,
			);
			name = ScreenLoggerUITests;
			productName = ScreenLoggerUITests;
			productReference = 3B040DF9298E997A002556B1 /* ScreenLoggerUITests.xctest */;
			productType = "com.apple.product-type.bundle.ui-testing";
		};
/* End PBXNativeTarget section */

/* Begin PBXProject section */
		3B040DD1298E9978002556B1 /* Project object */ = {
			isa = PBXProject;
			attributes = {
				BuildIndependentTargetsInParallel = 1;
				LastSwiftUpdateCheck = 1420;
				LastUpgradeCheck = 1420;
				TargetAttributes = {
					3B040DD8298E9978002556B1 = {
						CreatedOnToolsVersion = 14.2;
					};
					3B040DEE298E997A002556B1 = {
						CreatedOnToolsVersion = 14.2;
						TestTargetID = 3B040DD8298E9978002556B1;
					};
					3B040DF8298E997A002556B1 = {
						CreatedOnToolsVersion = 14.2;
						TestTargetID = 3B040DD8298E9978002556B1;
					};
				};
			};
			buildConfigurationList = 3B040DD4298E9978002556B1 /* Build configuration list for PBXProject "ScreenLogger" */;
			compatibilityVersion = "Xcode 14.0";
			developmentRegion = en;
			hasScannedForEncodings = 0;
			knownRegions = (
				en,
				Base,
			);
			mainGroup = 3B040DD0298E9978002556B1;
			productRefGroup = 3B040DDA298E9978002556B1 /* Products */;
			projectDirPath = "";
			projectRoot = "";
			targets = (
				3B040DD8298E9978002556B1 /* ScreenLogger */,
				3B040DEE298E997A002556B1 /* ScreenLoggerTests */,
				3B040DF8298E997A002556B1 /* ScreenLoggerUITests */,
			);
		};
/* End PBXProject section */

/* Begin PBXResourcesBuildPhase section */
		3B040DD7298E9978002556B1 /* Resources */ = {
			isa = PBXResourcesBuildPhase;
			buildActionMask = 2147483647;
			files = (
				3B040DE9298E997A002556B1 /* LaunchScreen.storyboard in Resources */,
				3B040DE6298E997A002556B1 /* Assets.xcassets in Resources */,
				3B94CF0D29B0E5080047CA2D /* ReadMe.rtf in Resources */,
				3B040DE4298E9978002556B1 /* Main.storyboard in Resources */,
			);
			runOnlyForDeploymentPostprocessing = 0;
		};
		3B040DED298E997A002556B1 /* Resources */ = {
			isa = PBXResourcesBuildPhase;
			buildActionMask = 2147483647;
			files = (
			);
			runOnlyForDeploymentPostprocessing = 0;
		};
		3B040DF7298E997A002556B1 /* Resources */ = {
			isa = PBXResourcesBuildPhase;
			buildActionMask = 2147483647;
			files = (
			);
			runOnlyForDeploymentPostprocessing = 0;
		};
/* End PBXResourcesBuildPhase section */

/* Begin PBXSourcesBuildPhase section */
		3B040DD5298E9978002556B1 /* Sources */ = {
			isa = PBXSourcesBuildPhase;
			buildActionMask = 2147483647;
			files = (
				3B94CF0929B0D5A40047CA2D /* LogsTableViewCell.swift in Sources */,
				3B040DE1298E9978002556B1 /* ViewController.swift in Sources */,
				3B040DDD298E9978002556B1 /* AppDelegate.swift in Sources */,
				3B040DDF298E9978002556B1 /* SceneDelegate.swift in Sources */,
				3B94CF0B29B0D5C30047CA2D /* LogModel.swift in Sources */,
				3B040E0D298EA09D002556B1 /* Logger.swift in Sources */,
			);
			runOnlyForDeploymentPostprocessing = 0;
		};
		3B040DEB298E997A002556B1 /* Sources */ = {
			isa = PBXSourcesBuildPhase;
			buildActionMask = 2147483647;
			files = (
				3B040DF4298E997A002556B1 /* ScreenLoggerTests.swift in Sources */,
			);
			runOnlyForDeploymentPostprocessing = 0;
		};
		3B040DF5298E997A002556B1 /* Sources */ = {
			isa = PBXSourcesBuildPhase;
			buildActionMask = 2147483647;
			files = (
				3B040E00298E997A002556B1 /* ScreenLoggerUITestsLaunchTests.swift in Sources */,
				3B040DFE298E997A002556B1 /* ScreenLoggerUITests.swift in Sources */,
			);
			runOnlyForDeploymentPostprocessing = 0;
		};
/* End PBXSourcesBuildPhase section */

/* Begin PBXTargetDependency section */
		3B040DF1298E997A002556B1 /* PBXTargetDependency */ = {
			isa = PBXTargetDependency;
			target = 3B040DD8298E9978002556B1 /* ScreenLogger */;
			targetProxy = 3B040DF0298E997A002556B1 /* PBXContainerItemProxy */;
		};
		3B040DFB298E997A002556B1 /* PBXTargetDependency */ = {
			isa = PBXTargetDependency;
			target = 3B040DD8298E9978002556B1 /* ScreenLogger */;
			targetProxy = 3B040DFA298E997A002556B1 /* PBXContainerItemProxy */;
		};
/* End PBXTargetDependency section */

/* Begin PBXVariantGroup section */
		3B040DE2298E9978002556B1 /* Main.storyboard */ = {
			isa = PBXVariantGroup;
			children = (
				3B040DE3298E9978002556B1 /* Base */,
			);
			name = Main.storyboard;
			sourceTree = "<group>";
		};
		3B040DE7298E997A002556B1 /* LaunchScreen.storyboard */ = {
			isa = PBXVariantGroup;
			children = (
				3B040DE8298E997A002556B1 /* Base */,
			);
			name = LaunchScreen.storyboard;
			sourceTree = "<group>";
		};
/* End PBXVariantGroup section */

/* Begin XCBuildConfiguration section */
		3B040E01298E997A002556B1 /* Debug */ = {
			isa = XCBuildConfiguration;
			buildSettings = {
				ALWAYS_SEARCH_USER_PATHS = NO;
				CLANG_ANALYZER_NONNULL = YES;
				CLANG_ANALYZER_NUMBER_OBJECT_CONVERSION = YES_AGGRESSIVE;
				CLANG_CXX_LANGUAGE_STANDARD = "gnu++20";
				CLANG_ENABLE_MODULES = YES;
				CLANG_ENABLE_OBJC_ARC = YES;
				CLANG_ENABLE_OBJC_WEAK = YES;
				CLANG_WARN_BLOCK_CAPTURE_AUTORELEASING = YES;
				CLANG_WARN_BOOL_CONVERSION = YES;
				CLANG_WARN_COMMA = YES;
				CLANG_WARN_CONSTANT_CONVERSION = YES;
				CLANG_WARN_DEPRECATED_OBJC_IMPLEMENTATIONS = YES;
				CLANG_WARN_DIRECT_OBJC_ISA_USAGE = YES_ERROR;
				CLANG_WARN_DOCUMENTATION_COMMENTS = YES;
				CLANG_WARN_EMPTY_BODY = YES;
				CLANG_WARN_ENUM_CONVERSION = YES;
				CLANG_WARN_INFINITE_RECURSION = YES;
				CLANG_WARN_INT_CONVERSION = YES;
				CLANG_WARN_NON_LITERAL_NULL_CONVERSION = YES;
				CLANG_WARN_OBJC_IMPLICIT_RETAIN_SELF = YES;
				CLANG_WARN_OBJC_LITERAL_CONVERSION = YES;
				CLANG_WARN_OBJC_ROOT_CLASS = YES_ERROR;
				CLANG_WARN_QUOTED_INCLUDE_IN_FRAMEWORK_HEADER = YES;
				CLANG_WARN_RANGE_LOOP_ANALYSIS = YES;
				CLANG_WARN_STRICT_PROTOTYPES = YES;
				CLANG_WARN_SUSPICIOUS_MOVE = YES;
				CLANG_WARN_UNGUARDED_AVAILABILITY = YES_AGGRESSIVE;
				CLANG_WARN_UNREACHABLE_CODE = YES;
				CLANG_WARN__DUPLICATE_METHOD_MATCH = YES;
				COPY_PHASE_STRIP = NO;
				DEBUG_INFORMATION_FORMAT = dwarf;
				ENABLE_STRICT_OBJC_MSGSEND = YES;
				ENABLE_TESTABILITY = YES;
				GCC_C_LANGUAGE_STANDARD = gnu11;
				GCC_DYNAMIC_NO_PIC = NO;
				GCC_NO_COMMON_BLOCKS = YES;
				GCC_OPTIMIZATION_LEVEL = 0;
				GCC_PREPROCESSOR_DEFINITIONS = (
					"DEBUG=1",
					"$(inherited)",
				);
				GCC_WARN_64_TO_32_BIT_CONVERSION = YES;
				GCC_WARN_ABOUT_RETURN_TYPE = YES_ERROR;
				GCC_WARN_UNDECLARED_SELECTOR = YES;
				GCC_WARN_UNINITIALIZED_AUTOS = YES_AGGRESSIVE;
				GCC_WARN_UNUSED_FUNCTION = YES;
				GCC_WARN_UNUSED_VARIABLE = YES;
				IPHONEOS_DEPLOYMENT_TARGET = 16.2;
				MTL_ENABLE_DEBUG_INFO = INCLUDE_SOURCE;
				MTL_FAST_MATH = YES;
				ONLY_ACTIVE_ARCH = YES;
				SDKROOT = iphoneos;
				SWIFT_ACTIVE_COMPILATION_CONDITIONS = DEBUG;
				SWIFT_OPTIMIZATION_LEVEL = "-Onone";
			};
			name = Debug;
		};
		3B040E02298E997A002556B1 /* Release */ = {
			isa = XCBuildConfiguration;
			buildSettings = {
				ALWAYS_SEARCH_USER_PATHS = NO;
				CLANG_ANALYZER_NONNULL = YES;
				CLANG_ANALYZER_NUMBER_OBJECT_CONVERSION = YES_AGGRESSIVE;
				CLANG_CXX_LANGUAGE_STANDARD = "gnu++20";
				CLANG_ENABLE_MODULES = YES;
				CLANG_ENABLE_OBJC_ARC = YES;
				CLANG_ENABLE_OBJC_WEAK = YES;
				CLANG_WARN_BLOCK_CAPTURE_AUTORELEASING = YES;
				CLANG_WARN_BOOL_CONVERSION = YES;
				CLANG_WARN_COMMA = YES;
				CLANG_WARN_CONSTANT_CONVERSION = YES;
				CLANG_WARN_DEPRECATED_OBJC_IMPLEMENTATIONS = YES;
				CLANG_WARN_DIRECT_OBJC_ISA_USAGE = YES_ERROR;
				CLANG_WARN_DOCUMENTATION_COMMENTS = YES;
				CLANG_WARN_EMPTY_BODY = YES;
				CLANG_WARN_ENUM_CONVERSION = YES;
				CLANG_WARN_INFINITE_RECURSION = YES;
				CLANG_WARN_INT_CONVERSION = YES;
				CLANG_WARN_NON_LITERAL_NULL_CONVERSION = YES;
				CLANG_WARN_OBJC_IMPLICIT_RETAIN_SELF = YES;
				CLANG_WARN_OBJC_LITERAL_CONVERSION = YES;
				CLANG_WARN_OBJC_ROOT_CLASS = YES_ERROR;
				CLANG_WARN_QUOTED_INCLUDE_IN_FRAMEWORK_HEADER = YES;
				CLANG_WARN_RANGE_LOOP_ANALYSIS = YES;
				CLANG_WARN_STRICT_PROTOTYPES = YES;
				CLANG_WARN_SUSPICIOUS_MOVE = YES;
				CLANG_WARN_UNGUARDED_AVAILABILITY = YES_AGGRESSIVE;
				CLANG_WARN_UNREACHABLE_CODE = YES;
				CLANG_WARN__DUPLICATE_METHOD_MATCH = YES;
				COPY_PHASE_STRIP = NO;
				DEBUG_INFORMATION_FORMAT = "dwarf-with-dsym";
				ENABLE_NS_ASSERTIONS = NO;
				ENABLE_STRICT_OBJC_MSGSEND = YES;
				GCC_C_LANGUAGE_STANDARD = gnu11;
				GCC_NO_COMMON_BLOCKS = YES;
				GCC_WARN_64_TO_32_BIT_CONVERSION = YES;
				GCC_WARN_ABOUT_RETURN_TYPE = YES_ERROR;
				GCC_WARN_UNDECLARED_SELECTOR = YES;
				GCC_WARN_UNINITIALIZED_AUTOS = YES_AGGRESSIVE;
				GCC_WARN_UNUSED_FUNCTION = YES;
				GCC_WARN_UNUSED_VARIABLE = YES;
				IPHONEOS_DEPLOYMENT_TARGET = 16.2;
				MTL_ENABLE_DEBUG_INFO = NO;
				MTL_FAST_MATH = YES;
				SDKROOT = iphoneos;
				SWIFT_COMPILATION_MODE = wholemodule;
				SWIFT_OPTIMIZATION_LEVEL = "-O";
				VALIDATE_PRODUCT = YES;
			};
			name = Release;
		};
		3B040E04298E997A002556B1 /* Debug */ = {
			isa = XCBuildConfiguration;
			buildSettings = {
				ASSETCATALOG_COMPILER_APPICON_NAME = AppIcon;
				ASSETCATALOG_COMPILER_GLOBAL_ACCENT_COLOR_NAME = AccentColor;
				CODE_SIGN_STYLE = Automatic;
				CURRENT_PROJECT_VERSION = 1;
				DEVELOPMENT_TEAM = NUANG5WKCH;
				GENERATE_INFOPLIST_FILE = YES;
				INFOPLIST_FILE = ScreenLogger/Info.plist;
				INFOPLIST_KEY_UIApplicationSupportsIndirectInputEvents = YES;
				INFOPLIST_KEY_UILaunchStoryboardName = LaunchScreen;
				INFOPLIST_KEY_UIMainStoryboardFile = Main;
				INFOPLIST_KEY_UISupportedInterfaceOrientations_iPad = "UIInterfaceOrientationPortrait UIInterfaceOrientationPortraitUpsideDown UIInterfaceOrientationLandscapeLeft UIInterfaceOrientationLandscapeRight";
				INFOPLIST_KEY_UISupportedInterfaceOrientations_iPhone = "UIInterfaceOrientationPortrait UIInterfaceOrientationLandscapeLeft UIInterfaceOrientationLandscapeRight";
				LD_RUNPATH_SEARCH_PATHS = (
					"$(inherited)",
					"@executable_path/Frameworks",
				);
				MARKETING_VERSION = 1.0;
				PRODUCT_BUNDLE_IDENTIFIER = "eren-erten.ScreenLogger";
				PRODUCT_NAME = "$(TARGET_NAME)";
				SWIFT_EMIT_LOC_STRINGS = YES;
				SWIFT_VERSION = 5.0;
				TARGETED_DEVICE_FAMILY = "1,2";
			};
			name = Debug;
		};
		3B040E05298E997A002556B1 /* Release */ = {
			isa = XCBuildConfiguration;
			buildSettings = {
				ASSETCATALOG_COMPILER_APPICON_NAME = AppIcon;
				ASSETCATALOG_COMPILER_GLOBAL_ACCENT_COLOR_NAME = AccentColor;
				CODE_SIGN_STYLE = Automatic;
				CURRENT_PROJECT_VERSION = 1;
				DEVELOPMENT_TEAM = NUANG5WKCH;
				GENERATE_INFOPLIST_FILE = YES;
				INFOPLIST_FILE = ScreenLogger/Info.plist;
				INFOPLIST_KEY_UIApplicationSupportsIndirectInputEvents = YES;
				INFOPLIST_KEY_UILaunchStoryboardName = LaunchScreen;
				INFOPLIST_KEY_UIMainStoryboardFile = Main;
				INFOPLIST_KEY_UISupportedInterfaceOrientations_iPad = "UIInterfaceOrientationPortrait UIInterfaceOrientationPortraitUpsideDown UIInterfaceOrientationLandscapeLeft UIInterfaceOrientationLandscapeRight";
				INFOPLIST_KEY_UISupportedInterfaceOrientations_iPhone = "UIInterfaceOrientationPortrait UIInterfaceOrientationLandscapeLeft UIInterfaceOrientationLandscapeRight";
				LD_RUNPATH_SEARCH_PATHS = (
					"$(inherited)",
					"@executable_path/Frameworks",
				);
				MARKETING_VERSION = 1.0;
				PRODUCT_BUNDLE_IDENTIFIER = "eren-erten.ScreenLogger";
				PRODUCT_NAME = "$(TARGET_NAME)";
				SWIFT_EMIT_LOC_STRINGS = YES;
				SWIFT_VERSION = 5.0;
				TARGETED_DEVICE_FAMILY = "1,2";
			};
			name = Release;
		};
		3B040E07298E997A002556B1 /* Debug */ = {
			isa = XCBuildConfiguration;
			buildSettings = {
				ALWAYS_EMBED_SWIFT_STANDARD_LIBRARIES = YES;
				BUNDLE_LOADER = "$(TEST_HOST)";
				CODE_SIGN_STYLE = Automatic;
				CURRENT_PROJECT_VERSION = 1;
				DEVELOPMENT_TEAM = NUANG5WKCH;
				GENERATE_INFOPLIST_FILE = YES;
				IPHONEOS_DEPLOYMENT_TARGET = 16.2;
				MARKETING_VERSION = 1.0;
				PRODUCT_BUNDLE_IDENTIFIER = "eren-erten.ScreenLoggerTests";
				PRODUCT_NAME = "$(TARGET_NAME)";
				SWIFT_EMIT_LOC_STRINGS = NO;
				SWIFT_VERSION = 5.0;
				TARGETED_DEVICE_FAMILY = "1,2";
				TEST_HOST = "$(BUILT_PRODUCTS_DIR)/ScreenLogger.app/$(BUNDLE_EXECUTABLE_FOLDER_PATH)/ScreenLogger";
			};
			name = Debug;
		};
		3B040E08298E997A002556B1 /* Release */ = {
			isa = XCBuildConfiguration;
			buildSettings = {
				ALWAYS_EMBED_SWIFT_STANDARD_LIBRARIES = YES;
				BUNDLE_LOADER = "$(TEST_HOST)";
				CODE_SIGN_STYLE = Automatic;
				CURRENT_PROJECT_VERSION = 1;
				DEVELOPMENT_TEAM = NUANG5WKCH;
				GENERATE_INFOPLIST_FILE = YES;
				IPHONEOS_DEPLOYMENT_TARGET = 16.2;
				MARKETING_VERSION = 1.0;
				PRODUCT_BUNDLE_IDENTIFIER = "eren-erten.ScreenLoggerTests";
				PRODUCT_NAME = "$(TARGET_NAME)";
				SWIFT_EMIT_LOC_STRINGS = NO;
				SWIFT_VERSION = 5.0;
				TARGETED_DEVICE_FAMILY = "1,2";
				TEST_HOST = "$(BUILT_PRODUCTS_DIR)/ScreenLogger.app/$(BUNDLE_EXECUTABLE_FOLDER_PATH)/ScreenLogger";
			};
			name = Release;
		};
		3B040E0A298E997A002556B1 /* Debug */ = {
			isa = XCBuildConfiguration;
			buildSettings = {
				ALWAYS_EMBED_SWIFT_STANDARD_LIBRARIES = YES;
				CODE_SIGN_STYLE = Automatic;
				CURRENT_PROJECT_VERSION = 1;
				DEVELOPMENT_TEAM = NUANG5WKCH;
				GENERATE_INFOPLIST_FILE = YES;
				MARKETING_VERSION = 1.0;
				PRODUCT_BUNDLE_IDENTIFIER = "eren-erten.ScreenLoggerUITests";
				PRODUCT_NAME = "$(TARGET_NAME)";
				SWIFT_EMIT_LOC_STRINGS = NO;
				SWIFT_VERSION = 5.0;
				TARGETED_DEVICE_FAMILY = "1,2";
				TEST_TARGET_NAME = ScreenLogger;
			};
			name = Debug;
		};
		3B040E0B298E997A002556B1 /* Release */ = {
			isa = XCBuildConfiguration;
			buildSettings = {
				ALWAYS_EMBED_SWIFT_STANDARD_LIBRARIES = YES;
				CODE_SIGN_STYLE = Automatic;
				CURRENT_PROJECT_VERSION = 1;
				DEVELOPMENT_TEAM = NUANG5WKCH;
				GENERATE_INFOPLIST_FILE = YES;
				MARKETING_VERSION = 1.0;
				PRODUCT_BUNDLE_IDENTIFIER = "eren-erten.ScreenLoggerUITests";
				PRODUCT_NAME = "$(TARGET_NAME)";
				SWIFT_EMIT_LOC_STRINGS = NO;
				SWIFT_VERSION = 5.0;
				TARGETED_DEVICE_FAMILY = "1,2";
				TEST_TARGET_NAME = ScreenLogger;
			};
			name = Release;
		};
/* End XCBuildConfiguration section */

/* Begin XCConfigurationList section */
		3B040DD4298E9978002556B1 /* Build configuration list for PBXProject "ScreenLogger" */ = {
			isa = XCConfigurationList;
			buildConfigurations = (
				3B040E01298E997A002556B1 /* Debug */,
				3B040E02298E997A002556B1 /* Release */,
			);
			defaultConfigurationIsVisible = 0;
			defaultConfigurationName = Release;
		};
		3B040E03298E997A002556B1 /* Build configuration list for PBXNativeTarget "ScreenLogger" */ = {
			isa = XCConfigurationList;
			buildConfigurations = (
				3B040E04298E997A002556B1 /* Debug */,
				3B040E05298E997A002556B1 /* Release */,
			);
			defaultConfigurationIsVisible = 0;
			defaultConfigurationName = Release;
		};
		3B040E06298E997A002556B1 /* Build configuration list for PBXNativeTarget "ScreenLoggerTests" */ = {
			isa = XCConfigurationList;
			buildConfigurations = (
				3B040E07298E997A002556B1 /* Debug */,
				3B040E08298E997A002556B1 /* Release */,
			);
			defaultConfigurationIsVisible = 0;
			defaultConfigurationName = Release;
		};
		3B040E09298E997A002556B1 /* Build configuration list for PBXNativeTarget "ScreenLoggerUITests" */ = {
			isa = XCConfigurationList;
			buildConfigurations = (
				3B040E0A298E997A002556B1 /* Debug */,
				3B040E0B298E997A002556B1 /* Release */,
			);
			defaultConfigurationIsVisible = 0;
			defaultConfigurationName = Release;
		};
/* End XCConfigurationList section */
	};
	rootObject = 3B040DD1298E9978002556B1 /* Project object */;
}
